{
  "name": "flamework-template",
  "version": "1.0.0",
  "lockfileVersion": 3,
  "requires": true,
  "packages": {
    "": {
      "name": "flamework-template",
      "version": "1.0.0",
      "license": "ISC",
      "dependencies": {
        "@boshyxd/cool-transitions": "^0.2.0",
        "@flamework/components": "^1.3.2",
        "@flamework/core": "^1.3.2",
        "@flamework/networking": "^1.3.2",
        "@kyrorblx/konsole": "^0.1.11",
        "@rbxts/array-utils": "^1.0.2",
        "@rbxts/bin": "^1.4.0",
        "@rbxts/charm": "^0.11.0",
        "@rbxts/charm-sync": "^0.4.0",
        "@rbxts/flamework-binary-serializer": "^0.7.0",
        "@rbxts/flamework-meta-utils": "^1.0.7",
        "@rbxts/iris": "^2.3.1-ts.1",
        "@rbxts/jecs": "^0.11.0",
        "@rbxts/object-utils": "^1.0.4",
        "@rbxts/planck": "^1.0.0",
        "@rbxts/profile-store": "^1.0.3",
        "@rbxts/quickzone": "^1.4.7",
        "@rbxts/ripple": "^0.10.2",
        "@rbxts/services": "^1.6.0",
        "@rbxts/tether": "^1.4.21",
        "@rbxts/trash": "^1.0.10",
        "@rbxts/ui-labs": "^2.4.2",
        "@rbxts/vide": "^0.6.1",
        "@rbxts/vide-charm": "^0.4.0",
        "@rbxts/vide-ripple": "^0.10.2"
      },
      "devDependencies": {
        "@biomejs/biome": "2.4.12",
        "@rbxts/compiler-types": "3.0.0-types.0",
        "@rbxts/types": "^1.0.945",
        "roblox-ts": "3.0.0",
        "typescript": "^5.9.3"
      }
    },
    "node_modules/@biomejs/biome": {
      "version": "2.4.12",
      "dev": true,
      "license": "MIT OR Apache-2.0",
      "bin": {
        "biome": "bin/biome"
      },
      "engines": {
        "node": ">=14.21.3"
      },
      "funding": {
        "type": "opencollective",
        "url": "https://opencollective.com/biome"
      },
      "optionalDependencies": {
        "@biomejs/cli-darwin-arm64": "2.4.12",
        "@biomejs/cli-darwin-x64": "2.4.12",
        "@biomejs/cli-linux-arm64": "2.4.12",
        "@biomejs/cli-linux-arm64-musl": "2.4.12",
        "@biomejs/cli-linux-x64": "2.4.12",
        "@biomejs/cli-linux-x64-musl": "2.4.12",
        "@biomejs/cli-win32-arm64": "2.4.12",
        "@biomejs/cli-win32-x64": "2.4.12"
      }
    },
    "node_modules/@biomejs/cli-darwin-arm64": {
      "version": "2.4.12",
      "resolved": "https://registry.npmjs.org/@biomejs/cli-darwin-arm64/-/cli-darwin-arm64-2.4.12.tgz",
      "integrity": "sha512-BnMU4Pc3ciEVteVpZ0BK33MLr7X57F5w1dwDLDn+/iy/yTrA4Q/N2yftidFtsA4vrDh0FMXDpacNV/Tl3fbmng==",
      "cpu": [
        "arm64"
      ],
      "dev": true,
      "license": "MIT OR Apache-2.0",
      "optional": true,
      "os": [
        "darwin"
      ],
      "engines": {
        "node": ">=14.21.3"
      }
    },
    "node_modules/@biomejs/cli-darwin-x64": {
      "version": "2.4.12",
      "resolved": "https://registry.npmjs.org/@biomejs/cli-darwin-x64/-/cli-darwin-x64-2.4.12.tgz",
      "integrity": "sha512-x9uJ0bI1rJsWICp3VH8w/5PnAVD3A7SqzDpbrfoUQX1QyWrK5jSU4fRLo/wSgGeplCivbxBRKmt5Xq4/nWvq8A==",
      "cpu": [
        "x64"
      ],
      "dev": true,
      "license": "MIT OR Apache-2.0",
      "optional": true,
      "os": [
        "darwin"
      ],
      "engines": {
        "node": ">=14.21.3"
      }
    },
    "node_modules/@biomejs/cli-linux-arm64": {
      "version": "2.4.12",
      "resolved": "https://registry.npmjs.org/@biomejs/cli-linux-arm64/-/cli-linux-arm64-2.4.12.tgz",
      "integrity": "sha512-tOwuCuZZtKi1jVzbk/5nXmIsziOB6yqN8c9r9QM0EJYPU6DpQWf11uBOSCfFKKM4H3d9ZoarvlgMfbcuD051Pw==",
      "cpu": [
        "arm64"
      ],
      "dev": true,
      "libc": [
        "glibc"
      ],
      "license": "MIT OR Apache-2.0",
      "optional": true,
      "os": [
        "linux"
      ],
      "engines": {
        "node": ">=14.21.3"
      }
    },
    "node_modules/@biomejs/cli-linux-arm64-musl": {
      "version": "2.4.12",
      "resolved": "https://registry.npmjs.org/@biomejs/cli-linux-arm64-musl/-/cli-linux-arm64-musl-2.4.12.tgz",
      "integrity": "sha512-FhfpkAAlKL6kwvcVap0Hgp4AhZmtd3YImg0kK1jd7C/aSoh4SfsB2f++yG1rU0lr8Y5MCFJrcSkmssiL9Xnnig==",
      "cpu": [
        "arm64"
      ],
      "dev": true,
      "libc": [
        "musl"
      ],
      "license": "MIT OR Apache-2.0",
      "optional": true,
      "os": [
        "linux"
      ],
      "engines": {
        "node": ">=14.21.3"
      }
    },
    "node_modules/@biomejs/cli-linux-x64": {
      "version": "2.4.12",
      "resolved": "https://registry.npmjs.org/@biomejs/cli-linux-x64/-/cli-linux-x64-2.4.12.tgz",
      "integrity": "sha512-8pFeAnLU9QdW9jCIslB/v82bI0lhBmz2ZAKc8pVMFPO0t0wAHsoEkrUQUbMkIorTRIjbqyNZHA3lEXavsPWYSw==",
      "cpu": [
        "x64"
      ],
      "dev": true,
      "libc": [
        "glibc"
      ],
      "license": "MIT OR Apache-2.0",
      "optional": true,
      "os": [
        "linux"
      ],
      "engines": {
        "node": ">=14.21.3"
      }
    },
    "node_modules/@biomejs/cli-linux-x64-musl": {
      "version": "2.4.12",
      "resolved": "https://registry.npmjs.org/@biomejs/cli-linux-x64-musl/-/cli-linux-x64-musl-2.4.12.tgz",
      "integrity": "sha512-dwTIgZrGutzhkQCuvHynCkyW6hJxUuyZqKKO0YNfaS2GUoRO+tOvxXZqZB6SkWAOdfZTzwaw8IEdUnIkHKHoew==",
      "cpu": [
        "x64"
      ],
      "dev": true,
      "libc": [
        "musl"
      ],
      "license": "MIT OR Apache-2.0",
      "optional": true,
      "os": [
        "linux"
      ],
      "engines": {
        "node": ">=14.21.3"
      }
    },
    "node_modules/@biomejs/cli-win32-arm64": {
      "version": "2.4.12",
      "resolved": "https://registry.npmjs.org/@biomejs/cli-win32-arm64/-/cli-win32-arm64-2.4.12.tgz",
      "integrity": "sha512-B0DLnx0vA9ya/3v7XyCaP+/lCpnbWbMOfUFFve+xb5OxyYvdHaS55YsSddr228Y+JAFk58agCuZTsqNiw2a6ig==",
      "cpu": [
        "arm64"
      ],
      "dev": true,
      "license": "MIT OR Apache-2.0",
      "optional": true,
      "os": [
        "win32"
      ],
      "engines": {
        "node": ">=14.21.3"
      }
    },
    "node_modules/@biomejs/cli-win32-x64": {
      "version": "2.4.12",
      "cpu": [
        "x64"
      ],
      "dev": true,
      "license": "MIT OR Apache-2.0",
      "optional": true,
      "os": [
        "win32"
      ],
      "engines": {
        "node": ">=14.21.3"
      }
    },
    "node_modules/@boshyxd/cool-transitions": {
      "version": "0.2.0",
      "resolved": "https://registry.npmjs.org/@boshyxd/cool-transitions/-/cool-transitions-0.2.0.tgz",
      "integrity": "sha512-HPnzTmN646VQfQxT8Ps2Ytyeoy3MV1r4sTBv2BkiinDJ0rvUir7OVaUiy4UdxELw3pvABmGMgy5BjDFA82ogWw==",
      "license": "MIT"
    },
    "node_modules/@flamework/components": {
      "version": "1.3.2",
      "license": "ISC",
      "dependencies": {
        "@rbxts/maid": "^1.0.0-ts.1",
        "@rbxts/services": "^1.1.5",
        "@rbxts/signal": "^1.0.3",
        "@rbxts/t": "^2.1.4"
      },
      "peerDependencies": {
        "@flamework/core": "*"
      }
    },
    "node_modules/@flamework/core": {
      "version": "1.3.2",
      "license": "ISC",
      "dependencies": {
        "@rbxts/maid": "^1.0.0-ts.1",
        "@rbxts/object-utils": "^1.0.4",
        "@rbxts/services": "^1.1.4",
        "@rbxts/signal": "^1.0.3",
        "@rbxts/t": "^3.2.1"
      }
    },
    "node_modules/@flamework/core/node_modules/@rbxts/t": {
      "version": "3.2.1",
      "license": "ISC"
    },
    "node_modules/@flamework/networking": {
      "version": "1.3.2",
      "license": "ISC",
      "dependencies": {
        "@rbxts/object-utils": "^1.0.4",
        "@rbxts/services": "^1.1.5",
        "@rbxts/signal": "^1.0.3",
        "@rbxts/t": "^3.1.0"
      },
      "peerDependencies": {
        "@flamework/core": "*"
      }
    },
    "node_modules/@flamework/networking/node_modules/@rbxts/t": {
      "version": "3.2.1",
      "license": "ISC"
    },
    "node_modules/@kyrorblx/konsole": {
      "version": "0.1.11",
      "resolved": "https://registry.npmjs.org/@kyrorblx/konsole/-/konsole-0.1.11.tgz",
      "integrity": "sha512-K/7Or5qbDytvH7dUaD0fnuNg2EXrXbrHhDEolgBA1e0rY8Mh1esU4hfks7ZrlppcjhDWe9vsEzR4+Ora/xz2jA==",
      "license": "MIT"
    },
    "node_modules/@rbxts/array-utils": {
      "version": "1.0.2",
      "license": "ISC"
    },
    "node_modules/@rbxts/bin": {
      "version": "1.4.0",
      "license": "MIT"
    },
    "node_modules/@rbxts/charm": {
      "version": "0.11.0",
      "license": "MIT"
    },
    "node_modules/@rbxts/charm-sync": {
      "version": "0.4.0",
      "license": "MIT",
      "dependencies": {
        "@rbxts/charm": "^0.11.0"
      }
    },
    "node_modules/@rbxts/compiler-types": {
      "version": "3.0.0-types.0",
      "dev": true,
      "license": "MIT"
    },
    "node_modules/@rbxts/destroyable": {
      "version": "1.0.9",
      "license": "ISC",
      "dependencies": {
        "@rbxts/trash": "^1.0.8"
      }
    },
    "node_modules/@rbxts/flamework-binary-serializer": {
      "version": "0.7.0",
      "license": "ISC",
      "peerDependencies": {
        "@flamework/core": "*",
        "rbxts-transformer-flamework": "*"
      }
    },
    "node_modules/@rbxts/flamework-meta-utils": {
      "version": "1.0.7",
      "license": "ISC",
      "dependencies": {
        "@flamework/components": "^1.2.3",
        "@flamework/core": "^1.2.3",
        "@rbxts/t": "^3.2.1"
      }
    },
    "node_modules/@rbxts/flamework-meta-utils/node_modules/@rbxts/t": {
      "version": "3.2.1",
      "license": "ISC"
    },
    "node_modules/@rbxts/iris": {
      "version": "2.3.1-ts.1",
      "license": "ISC"
    },
    "node_modules/@rbxts/jecs": {
      "version": "0.11.0",
      "license": "MIT"
    },
    "node_modules/@rbxts/maid": {
      "version": "1.1.0",
      "license": "ISC"
    },
    "node_modules/@rbxts/object-utils": {
      "version": "1.0.4",
      "license": "ISC"
    },
    "node_modules/@rbxts/planck": {
      "version": "1.0.0",
      "license": "ISC"
    },
    "node_modules/@rbxts/profile-store": {
      "version": "1.0.3",
      "license": "Apache-2.0"
    },
    "node_modules/@rbxts/quickzone": {
      "version": "1.4.7",
      "resolved": "https://registry.npmjs.org/@rbxts/quickzone/-/quickzone-1.4.7.tgz",
      "integrity": "sha512-Z8MC5nOL5UYQGEkKnHJFeUsSHA3RxhdaKdW+hMGs8jZ/9dAh5hVFNXc891BLW5jENnk7WdZQOn0u6btKSSrMHA==",
      "license": "MIT"
    },
    "node_modules/@rbxts/repr": {
      "version": "1.0.3",
      "license": "ISC"
    },
    "node_modules/@rbxts/ripple": {
      "version": "0.10.2",
      "license": "MIT"
    },
    "node_modules/@rbxts/serio": {
      "version": "1.2.7",
      "license": "ISC"
    },
    "node_modules/@rbxts/services": {
      "version": "1.6.0",
      "license": "ISC"
    },
    "node_modules/@rbxts/signal": {
      "version": "1.1.1",
      "license": "ISC"
    },
    "node_modules/@rbxts/t": {
      "version": "2.2.1",
      "license": "ISC"
    },
    "node_modules/@rbxts/tether": {
      "version": "1.4.21",
      "license": "ISC",
      "dependencies": {
        "@flamework/core": "^1.3.2",
        "@rbxts/destroyable": "^1.0.9",
        "@rbxts/object-utils": "^1.0.4",
        "@rbxts/repr": "^1.0.3",
        "@rbxts/serio": "^1.2.7",
        "@rbxts/services": "^1.6.0",
        "@rbxts/trash": "^1.0.8"
      }
    },
    "node_modules/@rbxts/trash": {
      "version": "1.0.10",
      "license": "ISC",
      "dependencies": {
        "@rbxts/t": "^3.2.1"
      }
    },
    "node_modules/@rbxts/trash/node_modules/@rbxts/t": {
      "version": "3.2.1",
      "license": "ISC"
    },
    "node_modules/@rbxts/types": {
      "version": "1.0.945",
      "resolved": "https://registry.npmjs.org/@rbxts/types/-/types-1.0.945.tgz",
      "integrity": "sha512-pBEwAcFi9h1fzIHVFyVRiDAX8rWAWnSQKIrQ4KITF+lfRdPTTBpm16bu/dTO5oZkiyW6dxELe8iR1vQAqzPGow==",
      "dev": true,
      "license": "MIT"
    },
    "node_modules/@rbxts/ui-labs": {
      "version": "2.4.2",
      "license": "MIT"
    },
    "node_modules/@rbxts/vide": {
      "version": "0.6.1",
      "license": "MIT"
    },
    "node_modules/@rbxts/vide-charm": {
      "version": "0.4.0",
      "license": "MIT",
      "dependencies": {
        "@rbxts/charm": "^0.11.0"
      },
      "peerDependencies": {
        "@rbxts/vide": "*"
      }
    },
    "node_modules/@rbxts/vide-ripple": {
      "version": "0.10.2",
      "license": "MIT",
      "dependencies": {
        "@rbxts/ripple": "^0.10.2"
      },
      "peerDependencies": {
        "@rbxts/vide": "*"
      }
    },
    "node_modules/@roblox-ts/luau-ast": {
      "version": "2.0.0",
      "dev": true,
      "license": "MIT"
    },
    "node_modules/@roblox-ts/path-translator": {
      "version": "1.1.0",
      "dev": true,
      "license": "MIT",
      "dependencies": {
        "ajv": "^8.12.0",
        "fs-extra": "^11.2.0"
      }
    },
    "node_modules/@roblox-ts/rojo-resolver": {
      "version": "1.1.0",
      "license": "MIT",
      "dependencies": {
        "ajv": "^8.17.1",
        "fs-extra": "^11.2.0"
      }
    },
    "node_modules/ajv": {
      "version": "8.18.0",
      "license": "MIT",
      "dependencies": {
        "fast-deep-equal": "^3.1.3",
        "fast-uri": "^3.0.1",
        "json-schema-traverse": "^1.0.0",
        "require-from-string": "^2.0.2"
      },
      "funding": {
        "type": "github",
        "url": "https://github.com/sponsors/epoberezkin"
      }
    },
    "node_modules/ansi-regex": {
      "version": "5.0.1",
      "dev": true,
      "license": "MIT",
      "engines": {
        "node": ">=8"
      }
    },
    "node_modules/ansi-styles": {
      "version": "4.3.0",
      "license": "MIT",
      "dependencies": {
        "color-convert": "^2.0.1"
      },
      "engines": {
        "node": ">=8"
      },
      "funding": {
        "url": "https://github.com/chalk/ansi-styles?sponsor=1"
      }
    },
    "node_modules/anymatch": {
      "version": "3.1.3",
      "dev": true,
      "license": "ISC",
      "dependencies": {
        "normalize-path": "^3.0.0",
        "picomatch": "^2.0.4"
      },
      "engines": {
        "node": ">= 8"
      }
    },
    "node_modules/balanced-match": {
      "version": "1.0.2",
      "license": "MIT",
      "peer": true
    },
    "node_modules/binary-extensions": {
      "version": "2.3.0",
      "dev": true,
      "license": "MIT",
      "engines": {
        "node": ">=8"
      },
      "funding": {
        "url": "https://github.com/sponsors/sindresorhus"
      }
    },
    "node_modules/brace-expansion": {
      "version": "2.0.3",
      "license": "MIT",
      "peer": true,
      "dependencies": {
        "balanced-match": "^1.0.0"
      }
    },
    "node_modules/braces": {
      "version": "3.0.3",
      "dev": true,
      "license": "MIT",
      "dependencies": {
        "fill-range": "^7.1.1"
      },
      "engines": {
        "node": ">=8"
      }
    },
    "node_modules/chalk": {
      "version": "4.1.2",
      "license": "MIT",
      "peer": true,
      "dependencies": {
        "ansi-styles": "^4.1.0",
        "supports-color": "^7.1.0"
      },
      "engines": {
        "node": ">=10"
      },
      "funding": {
        "url": "https://github.com/chalk/chalk?sponsor=1"
      }
    },
    "node_modules/chokidar": {
      "version": "3.6.0",
      "dev": true,
      "license": "MIT",
      "dependencies": {
        "anymatch": "~3.1.2",
        "braces": "~3.0.2",
        "glob-parent": "~5.1.2",
        "is-binary-path": "~2.1.0",
        "is-glob": "~4.0.1",
        "normalize-path": "~3.0.0",
        "readdirp": "~3.6.0"
      },
      "engines": {
        "node": ">= 8.10.0"
      },
      "funding": {
        "url": "https://paulmillr.com/funding/"
      },
      "optionalDependencies": {
        "fsevents": "~2.3.2"
      }
    },
    "node_modules/cliui": {
      "version": "8.0.1",
      "dev": true,
      "license": "ISC",
      "dependencies": {
        "string-width": "^4.2.0",
        "strip-ansi": "^6.0.1",
        "wrap-ansi": "^7.0.0"
      },
      "engines": {
        "node": ">=12"
      }
    },
    "node_modules/color-convert": {
      "version": "2.0.1",
      "license": "MIT",
      "dependencies": {
        "color-name": "~1.1.4"
      },
      "engines": {
        "node": ">=7.0.0"
      }
    },
    "node_modules/color-name": {
      "version": "1.1.4",
      "license": "MIT"
    },
    "node_modules/emoji-regex": {
      "version": "8.0.0",
      "dev": true,
      "license": "MIT"
    },
    "node_modules/escalade": {
      "version": "3.2.0",
      "dev": true,
      "license": "MIT",
      "engines": {
        "node": ">=6"
      }
    },
    "node_modules/fast-deep-equal": {
      "version": "3.1.3",
      "license": "MIT"
    },
    "node_modules/fast-uri": {
      "version": "3.1.0",
      "funding": [
        {
          "type": "github",
          "url": "https://github.com/sponsors/fastify"
        },
        {
          "type": "opencollective",
          "url": "https://opencollective.com/fastify"
        }
      ],
      "license": "BSD-3-Clause"
    },
    "node_modules/fill-range": {
      "version": "7.1.1",
      "dev": true,
      "license": "MIT",
      "dependencies": {
        "to-regex-range": "^5.0.1"
      },
      "engines": {
        "node": ">=8"
      }
    },
    "node_modules/fs-extra": {
      "version": "11.3.4",
      "license": "MIT",
      "dependencies": {
        "graceful-fs": "^4.2.0",
        "jsonfile": "^6.0.1",
        "universalify": "^2.0.0"
      },
      "engines": {
        "node": ">=14.14"
      }
    },
    "node_modules/fs.realpath": {
      "version": "1.0.0",
      "license": "ISC",
      "peer": true
    },
    "node_modules/fsevents": {
      "version": "2.3.3",
      "resolved": "https://registry.npmjs.org/fsevents/-/fsevents-2.3.3.tgz",
      "integrity": "sha512-5xoDfX+fL7faATnagmWPpbFtwh/R77WmMMqqHGS65C3vvB0YHrgF+B1YmZ3441tMj5n63k0212XNoJwzlhffQw==",
      "dev": true,
      "hasInstallScript": true,
      "license": "MIT",
      "optional": true,
      "os": [
        "darwin"
      ],
      "engines": {
        "node": "^8.16.0 || ^10.6.0 || >=11.0.0"
      }
    },
    "node_modules/function-bind": {
      "version": "1.1.2",
      "license": "MIT",
      "funding": {
        "url": "https://github.com/sponsors/ljharb"
      }
    },
    "node_modules/get-caller-file": {
      "version": "2.0.5",
      "dev": true,
      "license": "ISC",
      "engines": {
        "node": "6.* || 8.* || >= 10.*"
      }
    },
    "node_modules/glob": {
      "version": "9.3.5",
      "license": "ISC",
      "peer": true,
      "dependencies": {
        "fs.realpath": "^1.0.0",
        "minimatch": "^8.0.2",
        "minipass": "^4.2.4",
        "path-scurry": "^1.6.1"
      },
      "engines": {
        "node": ">=16 || 14 >=14.17"
      },
      "funding": {
        "url": "https://github.com/sponsors/isaacs"
      }
    },
    "node_modules/glob-parent": {
      "version": "5.1.2",
      "dev": true,
      "license": "ISC",
      "dependencies": {
        "is-glob": "^4.0.1"
      },
      "engines": {
        "node": ">= 6"
      }
    },
    "node_modules/graceful-fs": {
      "version": "4.2.11",
      "license": "ISC"
    },
    "node_modules/has-flag": {
      "version": "4.0.0",
      "license": "MIT",
      "peer": true,
      "engines": {
        "node": ">=8"
      }
    },
    "node_modules/hashids": {
      "version": "2.3.0",
      "license": "MIT",
      "peer": true
    },
    "node_modules/hasown": {
      "version": "2.0.2",
      "license": "MIT",
      "dependencies": {
        "function-bind": "^1.1.2"
      },
      "engines": {
        "node": ">= 0.4"
      }
    },
    "node_modules/hosted-git-info": {
      "version": "4.1.0",
      "license": "ISC",
      "peer": true,
      "dependencies": {
        "lru-cache": "^6.0.0"
      },
      "engines": {
        "node": ">=10"
      }
    },
    "node_modules/hosted-git-info/node_modules/lru-cache": {
      "version": "6.0.0",
      "license": "ISC",
      "peer": true,
      "dependencies": {
        "yallist": "^4.0.0"
      },
      "engines": {
        "node": ">=10"
      }
    },
    "node_modules/is-binary-path": {
      "version": "2.1.0",
      "dev": true,
      "license": "MIT",
      "dependencies": {
        "binary-extensions": "^2.0.0"
      },
      "engines": {
        "node": ">=8"
      }
    },
    "node_modules/is-core-module": {
      "version": "2.16.1",
      "license": "MIT",
      "dependencies": {
        "hasown": "^2.0.2"
      },
      "engines": {
        "node": ">= 0.4"
      },
      "funding": {
        "url": "https://github.com/sponsors/ljharb"
      }
    },
    "node_modules/is-extglob": {
      "version": "2.1.1",
      "dev": true,
      "license": "MIT",
      "engines": {
        "node": ">=0.10.0"
      }
    },
    "node_modules/is-fullwidth-code-point": {
      "version": "3.0.0",
      "dev": true,
      "license": "MIT",
      "engines": {
        "node": ">=8"
      }
    },
    "node_modules/is-glob": {
      "version": "4.0.3",
      "dev": true,
      "license": "MIT",
      "dependencies": {
        "is-extglob": "^2.1.1"
      },
      "engines": {
        "node": ">=0.10.0"
      }
    },
    "node_modules/is-number": {
      "version": "7.0.0",
      "dev": true,
      "license": "MIT",
      "engines": {
        "node": ">=0.12.0"
      }
    },
    "node_modules/json-schema-traverse": {
      "version": "1.0.0",
      "license": "MIT"
    },
    "node_modules/jsonfile": {
      "version": "6.2.0",
      "license": "MIT",
      "dependencies": {
        "universalify": "^2.0.0"
      },
      "optionalDependencies": {
        "graceful-fs": "^4.1.6"
      }
    },
    "node_modules/kleur": {
      "version": "4.1.5",
      "dev": true,
      "license": "MIT",
      "engines": {
        "node": ">=6"
      }
    },
    "node_modules/lru-cache": {
      "version": "10.4.3",
      "license": "ISC",
      "peer": true
    },
    "node_modules/minimatch": {
      "version": "8.0.7",
      "license": "ISC",
      "peer": true,
      "dependencies": {
        "brace-expansion": "^2.0.1"
      },
      "engines": {
        "node": ">=16 || 14 >=14.17"
      },
      "funding": {
        "url": "https://github.com/sponsors/isaacs"
      }
    },
    "node_modules/minipass": {
      "version": "4.2.8",
      "license": "ISC",
      "peer": true,
      "engines": {
        "node": ">=8"
      }
    },
    "node_modules/normalize-package-data": {
      "version": "3.0.3",
      "license": "BSD-2-Clause",
      "peer": true,
      "dependencies": {
        "hosted-git-info": "^4.0.1",
        "is-core-module": "^2.5.0",
        "semver": "^7.3.4",
        "validate-npm-package-license": "^3.0.1"
      },
      "engines": {
        "node": ">=10"
      }
    },
    "node_modules/normalize-path": {
      "version": "3.0.0",
      "dev": true,
      "license": "MIT",
      "engines": {
        "node": ">=0.10.0"
      }
    },
    "node_modules/path-parse": {
      "version": "1.0.7",
      "dev": true,
      "license": "MIT"
    },
    "node_modules/path-scurry": {
      "version": "1.11.1",
      "license": "BlueOak-1.0.0",
      "peer": true,
      "dependencies": {
        "lru-cache": "^10.2.0",
        "minipass": "^5.0.0 || ^6.0.2 || ^7.0.0"
      },
      "engines": {
        "node": ">=16 || 14 >=14.18"
      },
      "funding": {
        "url": "https://github.com/sponsors/isaacs"
      }
    },
    "node_modules/path-scurry/node_modules/minipass": {
      "version": "7.1.3",
      "license": "BlueOak-1.0.0",
      "peer": true,
      "engines": {
        "node": ">=16 || 14 >=14.17"
      }
    },
    "node_modules/picomatch": {
      "version": "2.3.2",
      "dev": true,
      "license": "MIT",
      "engines": {
        "node": ">=8.6"
      },
      "funding": {
        "url": "https://github.com/sponsors/jonschlinkert"
      }
    },
    "node_modules/rbxts-transformer-flamework": {
      "version": "1.3.2",
      "license": "MIT",
      "peer": true,
      "dependencies": {
        "@roblox-ts/rojo-resolver": "^1.0.2",
        "ajv": "^8.6.3",
        "chalk": "^4.1.2",
        "fs-extra": "^10.0.0",
        "glob": "9.3",
        "hashids": "^2.2.8",
        "normalize-package-data": "^3.0.3",
        "uuid": "^8.3.2"
      },
      "peerDependencies": {
        "typescript": "*"
      }
    },
    "node_modules/rbxts-transformer-flamework/node_modules/fs-extra": {
      "version": "10.1.0",
      "license": "MIT",
      "peer": true,
      "dependencies": {
        "graceful-fs": "^4.2.0",
        "jsonfile": "^6.0.1",
        "universalify": "^2.0.0"
      },
      "engines": {
        "node": ">=12"
      }
    },
    "node_modules/readdirp": {
      "version": "3.6.0",
      "dev": true,
      "license": "MIT",
      "dependencies": {
        "picomatch": "^2.2.1"
      },
      "engines": {
        "node": ">=8.10.0"
      }
    },
    "node_modules/require-directory": {
      "version": "2.1.1",
      "dev": true,
      "license": "MIT",
      "engines": {
        "node": ">=0.10.0"
      }
    },
    "node_modules/require-from-string": {
      "version": "2.0.2",
      "license": "MIT",
      "engines": {
        "node": ">=0.10.0"
      }
    },
    "node_modules/resolve": {
      "version": "1.22.11",
      "dev": true,
      "license": "MIT",
      "dependencies": {
        "is-core-module": "^2.16.1",
        "path-parse": "^1.0.7",
        "supports-preserve-symlinks-flag": "^1.0.0"
      },
      "bin": {
        "resolve": "bin/resolve"
      },
      "engines": {
        "node": ">= 0.4"
      },
      "funding": {
        "url": "https://github.com/sponsors/ljharb"
      }
    },
    "node_modules/roblox-ts": {
      "version": "3.0.0",
      "dev": true,
      "license": "MIT",
      "dependencies": {
        "@roblox-ts/luau-ast": "=2.0.0",
        "@roblox-ts/path-translator": "=1.1.0",
        "@roblox-ts/rojo-resolver": "=1.1.0",
        "chokidar": "^3.6.0",
        "fs-extra": "^11.2.0",
        "kleur": "^4.1.5",
        "resolve": "^1.22.6",
        "typescript": "=5.5.3",
        "yargs": "^17.7.2"
      },
      "bin": {
        "rbxtsc": "out/CLI/cli.js"
      }
    },
    "node_modules/roblox-ts/node_modules/typescript": {
      "version": "5.5.3",
      "dev": true,
      "license": "Apache-2.0",
      "bin": {
        "tsc": "bin/tsc",
        "tsserver": "bin/tsserver"
      },
      "engines": {
        "node": ">=14.17"
      }
    },
    "node_modules/semver": {
      "version": "7.7.4",
      "license": "ISC",
      "peer": true,
      "bin": {
        "semver": "bin/semver.js"
      },
      "engines": {
        "node": ">=10"
      }
    },
    "node_modules/spdx-correct": {
      "version": "3.2.0",
      "license": "Apache-2.0",
      "peer": true,
      "dependencies": {
        "spdx-expression-parse": "^3.0.0",
        "spdx-license-ids": "^3.0.0"
      }
    },
    "node_modules/spdx-exceptions": {
      "version": "2.5.0",
      "license": "CC-BY-3.0",
      "peer": true
    },
    "node_modules/spdx-expression-parse": {
      "version": "3.0.1",
      "license": "MIT",
      "peer": true,
      "dependencies": {
        "spdx-exceptions": "^2.1.0",
        "spdx-license-ids": "^3.0.0"
      }
    },
    "node_modules/spdx-license-ids": {
      "version": "3.0.23",
      "license": "CC0-1.0",
      "peer": true
    },
    "node_modules/string-width": {
      "version": "4.2.3",
      "dev": true,
      "license": "MIT",
      "dependencies": {
        "emoji-regex": "^8.0.0",
        "is-fullwidth-code-point": "^3.0.0",
        "strip-ansi": "^6.0.1"
      },
      "engines": {
        "node": ">=8"
      }
    },
    "node_modules/strip-ansi": {
      "version": "6.0.1",
      "dev": true,
      "license": "MIT",
      "dependencies": {
        "ansi-regex": "^5.0.1"
      },
      "engines": {
        "node": ">=8"
      }
    },
    "node_modules/supports-color": {
      "version": "7.2.0",
      "license": "MIT",
      "peer": true,
      "dependencies": {
        "has-flag": "^4.0.0"
      },
      "engines": {
        "node": ">=8"
      }
    },
    "node_modules/supports-preserve-symlinks-flag": {
      "version": "1.0.0",
      "dev": true,
      "license": "MIT",
      "engines": {
        "node": ">= 0.4"
      },
      "funding": {
        "url": "https://github.com/sponsors/ljharb"
      }
    },
    "node_modules/to-regex-range": {
      "version": "5.0.1",
      "dev": true,
      "license": "MIT",
      "dependencies": {
        "is-number": "^7.0.0"
      },
      "engines": {
        "node": ">=8.0"
      }
    },
    "node_modules/typescript": {
      "version": "5.9.3",
      "license": "Apache-2.0",
      "bin": {
        "tsc": "bin/tsc",
        "tsserver": "bin/tsserver"
      },
      "engines": {
        "node": ">=14.17"
      }
    },
    "node_modules/universalify": {
      "version": "2.0.1",
      "license": "MIT",
      "engines": {
        "node": ">= 10.0.0"
      }
    },
    "node_modules/uuid": {
      "version": "8.3.2",
      "license": "MIT",
      "peer": true,
      "bin": {
        "uuid": "dist/bin/uuid"
      }
    },
    "node_modules/validate-npm-package-license": {
      "version": "3.0.4",
      "license": "Apache-2.0",
      "peer": true,
      "dependencies": {
        "spdx-correct": "^3.0.0",
        "spdx-expression-parse": "^3.0.0"
      }
    },
    "node_modules/wrap-ansi": {
      "version": "7.0.0",
      "dev": true,
      "license": "MIT",
      "dependencies": {
        "ansi-styles": "^4.0.0",
        "string-width": "^4.1.0",
        "strip-ansi": "^6.0.0"
      },
      "engines": {
        "node": ">=10"
      },
      "funding": {
        "url": "https://github.com/chalk/wrap-ansi?sponsor=1"
      }
    },
    "node_modules/y18n": {
      "version": "5.0.8",
      "dev": true,
      "license": "ISC",
      "engines": {
        "node": ">=10"
      }
    },
    "node_modules/yallist": {
      "version": "4.0.0",
      "license": "ISC",
      "peer": true
    },
    "node_modules/yargs": {
      "version": "17.7.2",
      "dev": true,
      "license": "MIT",
      "dependencies": {
        "cliui": "^8.0.1",
        "escalade": "^3.1.1",
        "get-caller-file": "^2.0.5",
        "require-directory": "^2.1.1",
        "string-width": "^4.2.3",
        "y18n": "^5.0.5",
        "yargs-parser": "^21.1.1"
      },
      "engines": {
        "node": ">=12"
      }
    },
    "node_modules/yargs-parser": {
      "version": "21.1.1",
      "dev": true,
      "license": "ISC",
      "engines": {
        "node": ">=12"
      }
    }
  }
}
